
Microsoft Visual Studio Solution File, Format Version 12.00
# Visual Studio Version 17
VisualStudioVersion = 17.5.002.0
MinimumVisualStudioVersion = 10.0.40219.1
Project("{9A19103F-16F7-4668-BE54-9A1E7A4F7556}") = "timeregistration-backend", "timeregistration-backend\timeregistration-backend.csproj", "{D9BB417C-398D-4C40-AE7E-5D38BB8F897B}"
EndProject
Global
	GlobalSection(SolutionConfigurationPlatforms) = preSolution
		Debug|Any CPU = Debug|Any CPU
		Release|Any CPU = Release|Any CPU
	EndGlobalSection
	GlobalSection(ProjectConfigurationPlatforms) = postSolution
		{D9BB417C-398D-4C40-AE7E-5D38BB8F897B}.Debug|Any CPU.ActiveCfg = Debug|Any CPU
		{D9BB417C-398D-4C40-AE7E-5D38BB8F897B}.Debug|Any CPU.Build.0 = Debug|Any CPU
		{D9BB417C-398D-4C40-AE7E-5D38BB8F897B}.Release|Any CPU.ActiveCfg = Release|Any CPU
		{D9BB417C-398D-4C40-AE7E-5D38BB8F897B}.Release|Any CPU.Build.0 = Release|Any CPU
	EndGlobalSection
	GlobalSection(SolutionProperties) = preSolution
		HideSolutionNode = FALSE
	EndGlobalSection
	GlobalSection(ExtensibilityGlobals) = postSolution
		SolutionGuid = {BB109E2F-A3D7-4DDB-824F-03B98AA7CF54}
	EndGlobalSection
EndGlobal
